PODS:
  - Astral (2.4.0)
  - BFAstral (1.4.0):
    - Astral
    - BrightFutures
  - BrightFutures (8.0.0)
  - FSCalendar (2.8.1)
  - RSJ (1.3.0)
  - SnapKit (5.0.1)
  - STPopup (1.8.7)

DEPENDENCIES:
  - Astral
  - BFAstral
  - FSCalendar
  - RSJ (from `https://github.com/rynssnjn/RSJ.git`)
  - SnapKit
  - STPopup

SPEC REPOS:
  trunk:
    - Astral
    - BFAstral
    - BrightFutures
    - FSCalendar
    - SnapKit
    - STPopup

EXTERNAL SOURCES:
  RSJ:
    :git: https://github.com/rynssnjn/RSJ.git

CHECKOUT OPTIONS:
  RSJ:
    :commit: a1d2fa34c6ebdaf31597ea26525837eae80120e7
    :git: https://github.com/rynssnjn/RSJ.git

SPEC CHECKSUMS:
  Astral: ed5d3072daf5cf630c8a4784c4274a252840f52b
  BFAstral: 42cbc19d96a6e3a7a86900fff42cb4b5aedf7dbe
  BrightFutures: f8427b46feabaf73c5e71ace7d86d65dfbb47696
  FSCalendar: 5245140456fcbcac5824c203b98bd8068bdfee1a
  RSJ: f5ba43e6976910a2cfc892f8679dbd7f00399c22
  SnapKit: 97b92857e3df3a0c71833cce143274bf6ef8e5eb
  STPopup: a9045557bc48a0df51fbb7bf0544447c5fe84d34

PODFILE CHECKSUM: ac27538fce8947417ca4371773015e8cc7afbf67

COCOAPODS: 1.9.1
