PODS:
  - Astral (2.4.0)
  - BFAstral (1.4.0):
    - Astral
    - BrightFutures
  - BrightFutures (8.0.0)
  - FSCalendar (2.8.1)
  - RSJ (1.3.0)
  - SnapKit (5.0.1)
  - STPopup (1.8.7)

DEPENDENCIES:
  - Astral
  - BFAstral
  - FSCalendar
  - RSJ (from `https://github.com/rynssnjn/RSJ.git`, branch `1.4.0/alert`)
  - SnapKit
  - STPopup

SPEC REPOS:
  trunk:
    - Astral
    - BFAstral
    - BrightFutures
    - FSCalendar
    - SnapKit
    - STPopup

EXTERNAL SOURCES:
  RSJ:
    :branch: 1.4.0/alert
    :git: https://github.com/rynssnjn/RSJ.git

CHECKOUT OPTIONS:
  RSJ:
    :commit: af409b75908a6ab1dfa1b877c0beccb40a794528
    :git: https://github.com/rynssnjn/RSJ.git

SPEC CHECKSUMS:
  Astral: ed5d3072daf5cf630c8a4784c4274a252840f52b
  BFAstral: 42cbc19d96a6e3a7a86900fff42cb4b5aedf7dbe
  BrightFutures: f8427b46feabaf73c5e71ace7d86d65dfbb47696
  FSCalendar: 5245140456fcbcac5824c203b98bd8068bdfee1a
  RSJ: 95b41eb5410c1fa0c3b04614bcae93a2d7987c41
  SnapKit: 97b92857e3df3a0c71833cce143274bf6ef8e5eb
  STPopup: a9045557bc48a0df51fbb7bf0544447c5fe84d34

PODFILE CHECKSUM: 21def8eb4a5afea97ef3a88ee514ab1fb4f60057

COCOAPODS: 1.9.1
